<?xml version="1.0" encoding="utf-8"?>
<Project ToolsVersion="4.0" xmlns="http://schemas.microsoft.com/developer/msbuild/2003">
  <ItemGroup>
    <ClCompile Include="main.cpp" />
    <ClCompile Include="ReadExcel.cpp" />
    <ClCompile Include="Keyboard.cpp" />
    <ClCompile Include="EnemyAction.cpp" />
    <ClCompile Include="GameFlow.cpp" />
    <ClCompile Include="Title.cpp">
      <Filter>GameFlowProgram</Filter>
    </ClCompile>
    <ClCompile Include="CharactorChoice.cpp">
      <Filter>GameFlowProgram</Filter>
    </ClCompile>
    <ClCompile Include="Battle.cpp">
      <Filter>GameFlowProgram</Filter>
    </ClCompile>
    <ClCompile Include="GameOver.cpp">
      <Filter>GameFlowProgram</Filter>
    </ClCompile>
    <ClCompile Include="GameClear.cpp">
      <Filter>GameFlowProgram</Filter>
    </ClCompile>
  </ItemGroup>
  <ItemGroup>
    <ClInclude Include="ReadExcel.h" />
    <ClInclude Include="Keyboard.h" />
    <ClInclude Include="EnemyAction.h" />
    <ClInclude Include="GameFlow.h" />
    <ClInclude Include="constfail.h" />
    <ClInclude Include="Title.h">
      <Filter>GameFlowProgram</Filter>
    </ClInclude>
    <ClInclude Include="CharactorChoice.h">
      <Filter>GameFlowProgram</Filter>
    </ClInclude>
    <ClInclude Include="Battle.h">
      <Filter>GameFlowProgram</Filter>
    </ClInclude>
    <ClInclude Include="GameOver.h">
      <Filter>GameFlowProgram</Filter>
    </ClInclude>
    <ClInclude Include="GameClear.h">
      <Filter>GameFlowProgram</Filter>
    </ClInclude>
  </ItemGroup>
  <ItemGroup>
    <Filter Include="GameFlowProgram">
      <UniqueIdentifier>{517618c7-c1f5-41e0-bb89-fc580332df62}</UniqueIdentifier>
    </Filter>
  </ItemGroup>
</Project>