<?xml version="1.0" encoding="utf-8"?>
<Project ToolsVersion="4.0" xmlns="http://schemas.microsoft.com/developer/msbuild/2003">
  <ItemGroup>
    <ClInclude Include="Battle.h" />
    <ClInclude Include="CharactorChoice.h" />
    <ClInclude Include="constfail.h" />
    <ClInclude Include="EnemyAction.h" />
    <ClInclude Include="EnemyAttack.h" />
    <ClInclude Include="GameClear.h" />
    <ClInclude Include="GameFlow.h" />
    <ClInclude Include="GameOver.h" />
    <ClInclude Include="Keyboard.h" />
    <ClInclude Include="ReadExcel.h" />
    <ClInclude Include="Title.h" />
  </ItemGroup>
  <ItemGroup>
    <ClCompile Include="Battle.cpp" />
    <ClCompile Include="CharactorChoice.cpp" />
    <ClCompile Include="EnemyAction.cpp" />
    <ClCompile Include="EnemyAttack.cpp" />
    <ClCompile Include="GameClear.cpp" />
    <ClCompile Include="GameFlow.cpp" />
    <ClCompile Include="GameOver.cpp" />
    <ClCompile Include="Keyboard.cpp" />
    <ClCompile Include="main.cpp" />
    <ClCompile Include="ReadExcel.cpp" />
    <ClCompile Include="Title.cpp" />
  </ItemGroup>
</Project>